version = 1
revision = 3
requires-python = ">=3.9"

[[package]]
name = "rfschemdraw"
version = "0.1.0"
source = { editable = "." }
dependencies = [
    { name = "schemdraw" },
]

[package.metadata]
requires-dist = [{ name = "schemdraw", specifier = ">=0.23,<0.24" }]

[[package]]
name = "schemdraw"
version = "0.23"
source = { registry = "https://pypi.org/simple" }
sdist = { url = "https://files.pythonhosted.org/packages/a4/e0/5f1a5c6a7651ae0325708ead4020446ab8146bf11316f0d35bf7e26f6ee0/schemdraw-0.23.tar.gz", hash = "sha256:e71afd5ec84edfd9b707331c5bcb49ed7133af85bd17dae461de3fc260b0132f", size = 4773368, upload-time = "2026-05-29T18:10:40.713Z" }
wheels = [
    { url = "https://files.pythonhosted.org/packages/97/f6/7efb3798e44868e09e8ce8a4329ac21acd134a3d5fd59792f97a7feccc2a/schemdraw-0.23-py3-none-any.whl", hash = "sha256:b6af33cf175fb7692ed3f71b5d2702c400e009ae26efe76c6fa4f85d34e0fac5", size = 152475, upload-time = "2026-05-29T18:10:12.268Z" },
]
